{
  "name": "MediTrack",
  "lockfileVersion": 3,
  "requires": true,
  "packages": {
    "": {
      "dependencies": {
        "@types/otp-generator": "^4.0.2",
        "otp-generator": "^4.0.1"
      }
    },
    "node_modules/@types/otp-generator": {
      "version": "4.0.2",
      "resolved": "https://registry.npmjs.org/@types/otp-generator/-/otp-generator-4.0.2.tgz",
      "integrity": "sha512-9+qqWzuFb332hXPbLgjUyOXlbcaTQkmkmqQjTduvNuOmPV5fW+iLv70JsVEhdUy0DWi4kY34++HDCaWl6N0AYg==",
      "license": "MIT"
    },
    "node_modules/otp-generator": {
      "version": "4.0.1",
      "resolved": "https://registry.npmjs.org/otp-generator/-/otp-generator-4.0.1.tgz",
      "integrity": "sha512-2TJ52vUftA0+J3eque4wwVtpaL4/NdIXDL0gFWFJFVUAZwAN7+9tltMhL7GCNYaHJtuONoier8Hayyj4HLbSag==",
      "license": "MIT",
      "engines": {
        "node": ">=14.10.0"
      }
    }
  }
}
